
Microsoft Visual Studio Solution File, Format Version 12.00
# Visual Studio Version 17
VisualStudioVersion = 17.6.33829.357
MinimumVisualStudioVersion = 10.0.40219.1
Project("{9A19103F-16F7-4668-BE54-9A1E7A4F7556}") = "laboratorium 1", "laboratorium 1\laboratorium 1.csproj", "{484B42F0-8AA0-4F33-953A-1D331DD0DB69}"
EndProject
Project("{9A19103F-16F7-4668-BE54-9A1E7A4F7556}") = "laboratorium2", "laboratorium2\laboratorium2.csproj", "{E2473B46-F99A-420A-AD80-B512D82D897F}"
EndProject
Project("{9A19103F-16F7-4668-BE54-9A1E7A4F7556}") = "laboratorium 3 - App", "laboratorium 3 - App\laboratorium 3 - App.csproj", "{9EC04110-D41D-48B2-AA8E-35AF7FF0ADCB}"
EndProject
Project("{9A19103F-16F7-4668-BE54-9A1E7A4F7556}") = "Data1", "Data1\Data1.csproj", "{92DCC0FB-01D5-4D14-A56C-01D78F025E29}"
EndProject
Project("{FAE04EC0-301F-11D3-BF4B-00C04F79EFBC}") = "Laboratorium 9 - test", "Laboratorium 9 - test\Laboratorium 9 - test.csproj", "{C3A75C9F-91AB-483F-921B-81889242651D}"
EndProject
Global
	GlobalSection(SolutionConfigurationPlatforms) = preSolution
		Debug|Any CPU = Debug|Any CPU
		Release|Any CPU = Release|Any CPU
	EndGlobalSection
	GlobalSection(ProjectConfigurationPlatforms) = postSolution
		{484B42F0-8AA0-4F33-953A-1D331DD0DB69}.Debug|Any CPU.ActiveCfg = Debug|Any CPU
		{484B42F0-8AA0-4F33-953A-1D331DD0DB69}.Debug|Any CPU.Build.0 = Debug|Any CPU
		{484B42F0-8AA0-4F33-953A-1D331DD0DB69}.Release|Any CPU.ActiveCfg = Release|Any CPU
		{484B42F0-8AA0-4F33-953A-1D331DD0DB69}.Release|Any CPU.Build.0 = Release|Any CPU
		{E2473B46-F99A-420A-AD80-B512D82D897F}.Debug|Any CPU.ActiveCfg = Debug|Any CPU
		{E2473B46-F99A-420A-AD80-B512D82D897F}.Debug|Any CPU.Build.0 = Debug|Any CPU
		{E2473B46-F99A-420A-AD80-B512D82D897F}.Release|Any CPU.ActiveCfg = Release|Any CPU
		{E2473B46-F99A-420A-AD80-B512D82D897F}.Release|Any CPU.Build.0 = Release|Any CPU
		{9EC04110-D41D-48B2-AA8E-35AF7FF0ADCB}.Debug|Any CPU.ActiveCfg = Debug|Any CPU
		{9EC04110-D41D-48B2-AA8E-35AF7FF0ADCB}.Debug|Any CPU.Build.0 = Debug|Any CPU
		{9EC04110-D41D-48B2-AA8E-35AF7FF0ADCB}.Release|Any CPU.ActiveCfg = Release|Any CPU
		{9EC04110-D41D-48B2-AA8E-35AF7FF0ADCB}.Release|Any CPU.Build.0 = Release|Any CPU
		{92DCC0FB-01D5-4D14-A56C-01D78F025E29}.Debug|Any CPU.ActiveCfg = Debug|Any CPU
		{92DCC0FB-01D5-4D14-A56C-01D78F025E29}.Debug|Any CPU.Build.0 = Debug|Any CPU
		{92DCC0FB-01D5-4D14-A56C-01D78F025E29}.Release|Any CPU.ActiveCfg = Release|Any CPU
		{92DCC0FB-01D5-4D14-A56C-01D78F025E29}.Release|Any CPU.Build.0 = Release|Any CPU
		{C3A75C9F-91AB-483F-921B-81889242651D}.Debug|Any CPU.ActiveCfg = Debug|Any CPU
		{C3A75C9F-91AB-483F-921B-81889242651D}.Debug|Any CPU.Build.0 = Debug|Any CPU
		{C3A75C9F-91AB-483F-921B-81889242651D}.Release|Any CPU.ActiveCfg = Release|Any CPU
		{C3A75C9F-91AB-483F-921B-81889242651D}.Release|Any CPU.Build.0 = Release|Any CPU
	EndGlobalSection
	GlobalSection(SolutionProperties) = preSolution
		HideSolutionNode = FALSE
	EndGlobalSection
	GlobalSection(ExtensibilityGlobals) = postSolution
		SolutionGuid = {AD743272-5163-4865-B460-73EEE6E30706}
	EndGlobalSection
EndGlobal
